
Microsoft Visual Studio Solution File, Format Version 12.00
# Visual Studio Version 17
VisualStudioVersion = 17.1.32319.34
MinimumVisualStudioVersion = 10.0.40219.1
Project("{9A19103F-16F7-4668-BE54-9A1E7A4F7556}") = "ContactManager.WebSite", "ContactManager.WebSite\ContactManager.WebSite.csproj", "{5C573B03-3441-4E31-A944-FB61B733F3FB}"
EndProject
Project("{9A19103F-16F7-4668-BE54-9A1E7A4F7556}") = "ContactManager.Core", "ContactManager.Core\ContactManager.Core.csproj", "{AD4CD94D-51B8-4769-AB33-3848D5177015}"
EndProject
Project("{2150E333-8FDC-42A3-9474-1A3956D46DE8}") = "Solution Items", "Solution Items", "{8CC316F1-9DA9-46A1-AED7-42E763586AB7}"
	ProjectSection(SolutionItems) = preProject
		.editorconfig = .editorconfig
	EndProjectSection
EndProject
Global
	GlobalSection(SolutionConfigurationPlatforms) = preSolution
		Debug|Any CPU = Debug|Any CPU
		Release|Any CPU = Release|Any CPU
	EndGlobalSection
	GlobalSection(ProjectConfigurationPlatforms) = postSolution
		{5C573B03-3441-4E31-A944-FB61B733F3FB}.Debug|Any CPU.ActiveCfg = Debug|Any CPU
		{5C573B03-3441-4E31-A944-FB61B733F3FB}.Debug|Any CPU.Build.0 = Debug|Any CPU
		{5C573B03-3441-4E31-A944-FB61B733F3FB}.Release|Any CPU.ActiveCfg = Release|Any CPU
		{5C573B03-3441-4E31-A944-FB61B733F3FB}.Release|Any CPU.Build.0 = Release|Any CPU
		{AD4CD94D-51B8-4769-AB33-3848D5177015}.Debug|Any CPU.ActiveCfg = Debug|Any CPU
		{AD4CD94D-51B8-4769-AB33-3848D5177015}.Debug|Any CPU.Build.0 = Debug|Any CPU
		{AD4CD94D-51B8-4769-AB33-3848D5177015}.Release|Any CPU.ActiveCfg = Release|Any CPU
		{AD4CD94D-51B8-4769-AB33-3848D5177015}.Release|Any CPU.Build.0 = Release|Any CPU
	EndGlobalSection
	GlobalSection(SolutionProperties) = preSolution
		HideSolutionNode = FALSE
	EndGlobalSection
	GlobalSection(ExtensibilityGlobals) = postSolution
		SolutionGuid = {8056F65A-A9DA-43EA-8552-B9733F61C3A7}
	EndGlobalSection
EndGlobal
